// !$*UTF8*$!
{
	archiveVersion = 1;
	classes = {
	};
	objectVersion = 46;
	objects = {

/* Begin PBXBuildFile section */
		21DDE9F81D74B25900998A5E /* AppDelegate.swift in Sources */ = {isa = PBXBuildFile; fileRef = 21DDE9F71D74B25900998A5E /* AppDelegate.swift */; };
		21DDE9FA1D74B25900998A5E /* ViewController.swift in Sources */ = {isa = PBXBuildFile; fileRef = 21DDE9F91D74B25900998A5E /* ViewController.swift */; };
		21DDE9FD1D74B25900998A5E /* Main.storyboard in Resources */ = {isa = PBXBuildFile; fileRef = 21DDE9FB1D74B25900998A5E /* Main.storyboard */; };
		21DDEA001D74B25900998A5E /* HitList.xcdatamodeld in Sources */ = {isa = PBXBuildFile; fileRef = 21DDE9FE1D74B25900998A5E /* HitList.xcdatamodeld */; };
		21DDEA021D74B25900998A5E /* Assets.xcassets in Resources */ = {isa = PBXBuildFile; fileRef = 21DDEA011D74B25900998A5E /* Assets.xcassets */; };
		21DDEA051D74B25900998A5E /* LaunchScreen.storyboard in Resources */ = {isa = PBXBuildFile; fileRef = 21DDEA031D74B25900998A5E /* LaunchScreen.storyboard */; };
/* End PBXBuildFile section */

/* Begin PBXFileReference section */
		21DDE9F41D74B25800998A5E /* HitList.app */ = {isa = PBXFileReference; explicitFileType = wrapper.application; includeInIndex = 0; path = HitList.app; sourceTree = BUILT_PRODUCTS_DIR; };
		21DDE9F71D74B25900998A5E /* AppDelegate.swift */ = {isa = PBXFileReference; lastKnownFileType = sourcecode.swift; path = AppDelegate.swift; sourceTree = "<group>"; };
		21DDE9F91D74B25900998A5E /* ViewController.swift */ = {isa = PBXFileReference; lastKnownFileType = sourcecode.swift; path = ViewController.swift; sourceTree = "<group>"; };
		21DDE9FC1D74B25900998A5E /* Base */ = {isa = PBXFileReference; lastKnownFileType = file.storyboard; name = Base; path = Base.lproj/Main.storyboard; sourceTree = "<group>"; };
		21DDE9FF1D74B25900998A5E /* HitList.xcdatamodel */ = {isa = PBXFileReference; lastKnownFileType = wrapper.xcdatamodel; path = HitList.xcdatamodel; sourceTree = "<group>"; };
		21DDEA011D74B25900998A5E /* Assets.xcassets */ = {isa = PBXFileReference; lastKnownFileType = folder.assetcatalog; path = Assets.xcassets; sourceTree = "<group>"; };
		21DDEA041D74B25900998A5E /* Base */ = {isa = PBXFileReference; lastKnownFileType = file.storyboard; name = Base; path = Base.lproj/LaunchScreen.storyboard; sourceTree = "<group>"; };
		21DDEA061D74B25900998A5E /* Info.plist */ = {isa = PBXFileReference; lastKnownFileType = text.plist.xml; path = Info.plist; sourceTree = "<group>"; };
/* End PBXFileReference section */

/* Begin PBXFrameworksBuildPhase section */
		21DDE9F11D74B25800998A5E /* Frameworks */ = {
			isa = PBXFrameworksBuildPhase;
			buildActionMask = 2147483647;
			files = (
			);
			runOnlyForDeploymentPostprocessing = 0;
		};
/* End PBXFrameworksBuildPhase section */

/* Begin PBXGroup section */
		21DDE9EB1D74B25800998A5E = {
			isa = PBXGroup;
			children = (
				21DDE9F61D74B25900998A5E /* HitList */,
				21DDE9F51D74B25800998A5E /* Products */,
			);
			sourceTree = "<group>";
		};
		21DDE9F51D74B25800998A5E /* Products */ = {
			isa = PBXGroup;
			children = (
				21DDE9F41D74B25800998A5E /* HitList.app */,
			);
			name = Products;
			sourceTree = "<group>";
		};
		21DDE9F61D74B25900998A5E /* HitList */ = {
			isa = PBXGroup;
			children = (
				21DDE9F71D74B25900998A5E /* AppDelegate.swift */,
				21DDE9F91D74B25900998A5E /* ViewController.swift */,
				21DDE9FB1D74B25900998A5E /* Main.storyboard */,
				21DDEA011D74B25900998A5E /* Assets.xcassets */,
				21DDEA031D74B25900998A5E /* LaunchScreen.storyboard */,
				21DDEA061D74B25900998A5E /* Info.plist */,
				21DDE9FE1D74B25900998A5E /* HitList.xcdatamodeld */,
			);
			path = HitList;
			sourceTree = "<group>";
		};
/* End PBXGroup section */

/* Begin PBXNativeTarget section */
		21DDE9F31D74B25800998A5E /* HitList */ = {
			isa = PBXNativeTarget;
			buildConfigurationList = 21DDEA091D74B25900998A5E /* Build configuration list for PBXNativeTarget "HitList" */;
			buildPhases = (
				21DDE9F01D74B25800998A5E /* Sources */,
				21DDE9F11D74B25800998A5E /* Frameworks */,
				21DDE9F21D74B25800998A5E /* Resources */,
			);
			buildRules = (
			);
			dependencies = (
			);
			name = HitList;
			productName = HitList;
			productReference = 21DDE9F41D74B25800998A5E /* HitList.app */;
			productType = "com.apple.product-type.application";
		};
/* End PBXNativeTarget section */

/* Begin PBXProject section */
		21DDE9EC1D74B25800998A5E /* Project object */ = {
			isa = PBXProject;
			attributes = {
				LastSwiftUpdateCheck = 0730;
				LastUpgradeCheck = 0730;
				ORGANIZATIONNAME = Hexaedre;
				TargetAttributes = {
					21DDE9F31D74B25800998A5E = {
						CreatedOnToolsVersion = 7.3.1;
					};
				};
			};
			buildConfigurationList = 21DDE9EF1D74B25800998A5E /* Build configuration list for PBXProject "HitList" */;
			compatibilityVersion = "Xcode 3.2";
			developmentRegion = English;
			hasScannedForEncodings = 0;
			knownRegions = (
				en,
				Base,
			);
			mainGroup = 21DDE9EB1D74B25800998A5E;
			productRefGroup = 21DDE9F51D74B25800998A5E /* Products */;
			projectDirPath = "";
			projectRoot = "";
			targets = (
				21DDE9F31D74B25800998A5E /* HitList */,
			);
		};
/* End PBXProject section */

/* Begin PBXResourcesBuildPhase section */
		21DDE9F21D74B25800998A5E /* Resources */ = {
			isa = PBXResourcesBuildPhase;
			buildActionMask = 2147483647;
			files = (
				21DDEA051D74B25900998A5E /* LaunchScreen.storyboard in Resources */,
				21DDEA021D74B25900998A5E /* Assets.xcassets in Resources */,
				21DDE9FD1D74B25900998A5E /* Main.storyboard in Resources */,
			);
			runOnlyForDeploymentPostprocessing = 0;
		};
/* End PBXResourcesBuildPhase section */

/* Begin PBXSourcesBuildPhase section */
		21DDE9F01D74B25800998A5E /* Sources */ = {
			isa = PBXSourcesBuildPhase;
			buildActionMask = 2147483647;
			files = (
				21DDEA001D74B25900998A5E /* HitList.xcdatamodeld in Sources */,
				21DDE9FA1D74B25900998A5E /* ViewController.swift in Sources */,
				21DDE9F81D74B25900998A5E /* AppDelegate.swift in Sources */,
			);
			runOnlyForDeploymentPostprocessing = 0;
		};
/* End PBXSourcesBuildPhase section */

/* Begin PBXVariantGroup section */
		21DDE9FB1D74B25900998A5E /* Main.storyboard */ = {
			isa = PBXVariantGroup;
			children = (
				21DDE9FC1D74B25900998A5E /* Base */,
			);
			name = Main.storyboard;
			sourceTree = "<group>";
		};
		21DDEA031D74B25900998A5E /* LaunchScreen.storyboard */ = {
			isa = PBXVariantGroup;
			children = (
				21DDEA041D74B25900998A5E /* Base */,
			);
			name = LaunchScreen.storyboard;
			sourceTree = "<group>";
		};
/* End PBXVariantGroup section */

/* Begin XCBuildConfiguration section */
		21DDEA071D74B25900998A5E /* Debug */ = {
			isa = XCBuildConfiguration;
			buildSettings = {
				ALWAYS_SEARCH_USER_PATHS = NO;
				CLANG_ANALYZER_NONNULL = YES;
				CLANG_CXX_LANGUAGE_STANDARD = "gnu++0x";
				CLANG_CXX_LIBRARY = "libc++";
				CLANG_ENABLE_MODULES = YES;
				CLANG_ENABLE_OBJC_ARC = YES;
				CLANG_WARN_BOOL_CONVERSION = YES;
				CLANG_WARN_CONSTANT_CONVERSION = YES;
				CLANG_WARN_DIRECT_OBJC_ISA_USAGE = YES_ERROR;
				CLANG_WARN_EMPTY_BODY = YES;
				CLANG_WARN_ENUM_CONVERSION = YES;
				CLANG_WARN_INT_CONVERSION = YES;
				CLANG_WARN_OBJC_ROOT_CLASS = YES_ERROR;
				CLANG_WARN_UNREACHABLE_CODE = YES;
				CLANG_WARN__DUPLICATE_METHOD_MATCH = YES;
				"CODE_SIGN_IDENTITY[sdk=iphoneos*]" = "iPhone Developer";
				COPY_PHASE_STRIP = NO;
				DEBUG_INFORMATION_FORMAT = dwarf;
				ENABLE_STRICT_OBJC_MSGSEND = YES;
				ENABLE_TESTABILITY = YES;
				GCC_C_LANGUAGE_STANDARD = gnu99;
				GCC_DYNAMIC_NO_PIC = NO;
				GCC_NO_COMMON_BLOCKS = YES;
				GCC_OPTIMIZATION_LEVEL = 0;
				GCC_PREPROCESSOR_DEFINITIONS = (
					"DEBUG=1",
					"$(inherited)",
				);
				GCC_WARN_64_TO_32_BIT_CONVERSION = YES;
				GCC_WARN_ABOUT_RETURN_TYPE = YES_ERROR;
				GCC_WARN_UNDECLARED_SELECTOR = YES;
				GCC_WARN_UNINITIALIZED_AUTOS = YES_AGGRESSIVE;
				GCC_WARN_UNUSED_FUNCTION = YES;
				GCC_WARN_UNUSED_VARIABLE = YES;
				IPHONEOS_DEPLOYMENT_TARGET = 9.3;
				MTL_ENABLE_DEBUG_INFO = YES;
				ONLY_ACTIVE_ARCH = YES;
				SDKROOT = iphoneos;
				SWIFT_OPTIMIZATION_LEVEL = "-Onone";
			};
			name = Debug;
		};
		21DDEA081D74B25900998A5E /* Release */ = {
			isa = XCBuildConfiguration;
			buildSettings = {
				ALWAYS_SEARCH_USER_PATHS = NO;
				CLANG_ANALYZER_NONNULL = YES;
				CLANG_CXX_LANGUAGE_STANDARD = "gnu++0x";
				CLANG_CXX_LIBRARY = "libc++";
				CLANG_ENABLE_MODULES = YES;
				CLANG_ENABLE_OBJC_ARC = YES;
				CLANG_WARN_BOOL_CONVERSION = YES;
				CLANG_WARN_CONSTANT_CONVERSION = YES;
				CLANG_WARN_DIRECT_OBJC_ISA_USAGE = YES_ERROR;
				CLANG_WARN_EMPTY_BODY = YES;
				CLANG_WARN_ENUM_CONVERSION = YES;
				CLANG_WARN_INT_CONVERSION = YES;
				CLANG_WARN_OBJC_ROOT_CLASS = YES_ERROR;
				CLANG_WARN_UNREACHABLE_CODE = YES;
				CLANG_WARN__DUPLICATE_METHOD_MATCH = YES;
				"CODE_SIGN_IDENTITY[sdk=iphoneos*]" = "iPhone Developer";
				COPY_PHASE_STRIP = NO;
				DEBUG_INFORMATION_FORMAT = "dwarf-with-dsym";
				ENABLE_NS_ASSERTIONS = NO;
				ENABLE_STRICT_OBJC_MSGSEND = YES;
				GCC_C_LANGUAGE_STANDARD = gnu99;
				GCC_NO_COMMON_BLOCKS = YES;
				GCC_WARN_64_TO_32_BIT_CONVERSION = YES;
				GCC_WARN_ABOUT_RETURN_TYPE = YES_ERROR;
				GCC_WARN_UNDECLARED_SELECTOR = YES;
				GCC_WARN_UNINITIALIZED_AUTOS = YES_AGGRESSIVE;
				GCC_WARN_UNUSED_FUNCTION = YES;
				GCC_WARN_UNUSED_VARIABLE = YES;
				IPHONEOS_DEPLOYMENT_TARGET = 9.3;
				MTL_ENABLE_DEBUG_INFO = NO;
				SDKROOT = iphoneos;
				VALIDATE_PRODUCT = YES;
			};
			name = Release;
		};
		21DDEA0A1D74B25900998A5E /* Debug */ = {
			isa = XCBuildConfiguration;
			buildSettings = {
				ASSETCATALOG_COMPILER_APPICON_NAME = AppIcon;
				INFOPLIST_FILE = HitList/Info.plist;
				LD_RUNPATH_SEARCH_PATHS = "$(inherited) @executable_path/Frameworks";
				PRODUCT_BUNDLE_IDENTIFIER = com.hexaedre.HitList;
				PRODUCT_NAME = "$(TARGET_NAME)";
			};
			name = Debug;
		};
		21DDEA0B1D74B25900998A5E /* Release */ = {
			isa = XCBuildConfiguration;
			buildSettings = {
				ASSETCATALOG_COMPILER_APPICON_NAME = AppIcon;
				INFOPLIST_FILE = HitList/Info.plist;
				LD_RUNPATH_SEARCH_PATHS = "$(inherited) @executable_path/Frameworks";
				PRODUCT_BUNDLE_IDENTIFIER = com.hexaedre.HitList;
				PRODUCT_NAME = "$(TARGET_NAME)";
			};
			name = Release;
		};
/* End XCBuildConfiguration section */

/* Begin XCConfigurationList section */
		21DDE9EF1D74B25800998A5E /* Build configuration list for PBXProject "HitList" */ = {
			isa = XCConfigurationList;
			buildConfigurations = (
				21DDEA071D74B25900998A5E /* Debug */,
				21DDEA081D74B25900998A5E /* Release */,
			);
			defaultConfigurationIsVisible = 0;
			defaultConfigurationName = Release;
		};
		21DDEA091D74B25900998A5E /* Build configuration list for PBXNativeTarget "HitList" */ = {
			isa = XCConfigurationList;
			buildConfigurations = (
				21DDEA0A1D74B25900998A5E /* Debug */,
				21DDEA0B1D74B25900998A5E /* Release */,
			);
			defaultConfigurationIsVisible = 0;
		};
/* End XCConfigurationList section */

/* Begin XCVersionGroup section */
		21DDE9FE1D74B25900998A5E /* HitList.xcdatamodeld */ = {
			isa = XCVersionGroup;
			children = (
				21DDE9FF1D74B25900998A5E /* HitList.xcdatamodel */,
			);
			currentVersion = 21DDE9FF1D74B25900998A5E /* HitList.xcdatamodel */;
			path = HitList.xcdatamodeld;
			sourceTree = "<group>";
			versionGroupType = wrapper.xcdatamodel;
		};
/* End XCVersionGroup section */
	};
	rootObject = 21DDE9EC1D74B25800998A5E /* Project object */;
}
